
Microsoft Visual Studio Solution File, Format Version 12.00
# Visual Studio Version 17
VisualStudioVersion = 17.13.35913.81 d17.13
MinimumVisualStudioVersion = 10.0.40219.1
Project("{FAE04EC0-301F-11D3-BF4B-00C04F79EFBC}") = "WinFormsAppSerialize2", "WinFormsAppSerialize2\WinFormsAppSerialize2.csproj", "{D9F4D03F-45EB-4B6F-89DC-6886B08DB440}"
EndProject
Global
	GlobalSection(SolutionConfigurationPlatforms) = preSolution
		Debug|Any CPU = Debug|Any CPU
		Release|Any CPU = Release|Any CPU
	EndGlobalSection
	GlobalSection(ProjectConfigurationPlatforms) = postSolution
		{D9F4D03F-45EB-4B6F-89DC-6886B08DB440}.Debug|Any CPU.ActiveCfg = Debug|Any CPU
		{D9F4D03F-45EB-4B6F-89DC-6886B08DB440}.Debug|Any CPU.Build.0 = Debug|Any CPU
		{D9F4D03F-45EB-4B6F-89DC-6886B08DB440}.Release|Any CPU.ActiveCfg = Release|Any CPU
		{D9F4D03F-45EB-4B6F-89DC-6886B08DB440}.Release|Any CPU.Build.0 = Release|Any CPU
	EndGlobalSection
	GlobalSection(SolutionProperties) = preSolution
		HideSolutionNode = FALSE
	EndGlobalSection
	GlobalSection(ExtensibilityGlobals) = postSolution
		SolutionGuid = {946E7038-ABDA-4AB5-BD34-07C50F8ED667}
	EndGlobalSection
EndGlobal
